
Microsoft Visual Studio Solution File, Format Version 12.00
# Visual Studio Version 17
VisualStudioVersion = 17.4.33213.308
MinimumVisualStudioVersion = 10.0.40219.1
Project("{FAE04EC0-301F-11D3-BF4B-00C04F79EFBC}") = "SellingStockingMachine", "SellingStockingMachine.csproj", "{B5C2C102-EAD4-4B67-B6A8-593856E4FCF9}"
EndProject
Global
	GlobalSection(SolutionConfigurationPlatforms) = preSolution
		Debug|Any CPU = Debug|Any CPU
		Release|Any CPU = Release|Any CPU
	EndGlobalSection
	GlobalSection(ProjectConfigurationPlatforms) = postSolution
		{B5C2C102-EAD4-4B67-B6A8-593856E4FCF9}.Debug|Any CPU.ActiveCfg = Debug|Any CPU
		{B5C2C102-EAD4-4B67-B6A8-593856E4FCF9}.Debug|Any CPU.Build.0 = Debug|Any CPU
		{B5C2C102-EAD4-4B67-B6A8-593856E4FCF9}.Release|Any CPU.ActiveCfg = Release|Any CPU
		{B5C2C102-EAD4-4B67-B6A8-593856E4FCF9}.Release|Any CPU.Build.0 = Release|Any CPU
	EndGlobalSection
	GlobalSection(SolutionProperties) = preSolution
		HideSolutionNode = FALSE
	EndGlobalSection
	GlobalSection(ExtensibilityGlobals) = postSolution
		SolutionGuid = {77C7743B-E3C9-4BFE-BCC8-E50C62670BEE}
	EndGlobalSection
EndGlobal
